
Microsoft Visual Studio Solution File, Format Version 12.00
# Visual Studio Version 17
VisualStudioVersion = 17.9.34723.18
MinimumVisualStudioVersion = 10.0.40219.1
Project("{FAE04EC0-301F-11D3-BF4B-00C04F79EFBC}") = "SimpleCMS.Server", "SimpleCMS.Server\SimpleCMS.Server.csproj", "{0A9516F9-4386-481B-9126-692B005B6F44}"
EndProject
Project("{54A90642-561A-4BB1-A94E-469ADEE60C69}") = "simplecms.client", "simplecms.client\simplecms.client.esproj", "{0C776B8E-939C-4AC0-B55D-D959EBCBF906}"
EndProject
Global
	GlobalSection(SolutionConfigurationPlatforms) = preSolution
		Debug|Any CPU = Debug|Any CPU
		Release|Any CPU = Release|Any CPU
	EndGlobalSection
	GlobalSection(ProjectConfigurationPlatforms) = postSolution
		{0A9516F9-4386-481B-9126-692B005B6F44}.Debug|Any CPU.ActiveCfg = Debug|Any CPU
		{0A9516F9-4386-481B-9126-692B005B6F44}.Debug|Any CPU.Build.0 = Debug|Any CPU
		{0A9516F9-4386-481B-9126-692B005B6F44}.Release|Any CPU.ActiveCfg = Release|Any CPU
		{0A9516F9-4386-481B-9126-692B005B6F44}.Release|Any CPU.Build.0 = Release|Any CPU
		{0C776B8E-939C-4AC0-B55D-D959EBCBF906}.Debug|Any CPU.ActiveCfg = Debug|Any CPU
		{0C776B8E-939C-4AC0-B55D-D959EBCBF906}.Debug|Any CPU.Build.0 = Debug|Any CPU
		{0C776B8E-939C-4AC0-B55D-D959EBCBF906}.Debug|Any CPU.Deploy.0 = Debug|Any CPU
		{0C776B8E-939C-4AC0-B55D-D959EBCBF906}.Release|Any CPU.ActiveCfg = Release|Any CPU
		{0C776B8E-939C-4AC0-B55D-D959EBCBF906}.Release|Any CPU.Build.0 = Release|Any CPU
		{0C776B8E-939C-4AC0-B55D-D959EBCBF906}.Release|Any CPU.Deploy.0 = Release|Any CPU
	EndGlobalSection
	GlobalSection(SolutionProperties) = preSolution
		HideSolutionNode = FALSE
	EndGlobalSection
	GlobalSection(ExtensibilityGlobals) = postSolution
		SolutionGuid = {31D0F514-FB31-4BBF-989B-A2D0046CB337}
	EndGlobalSection
EndGlobal
